// !$*UTF8*$!
{
	archiveVersion = 1;
	classes = {
	};
	objectVersion = 60;
	objects = {

/* Begin PBXBuildFile section */
		8FB2B0EA2C80C19400D099F3 /* ProgramsView.swift in Sources */ = {isa = PBXBuildFile; fileRef = 8FB2B0E92C80C19400D099F3 /* ProgramsView.swift */; };
		8FC3EE672C80039C00658039 /* FIKHUBApp.swift in Sources */ = {isa = PBXBuildFile; fileRef = 8FC3EE662C80039C00658039 /* FIKHUBApp.swift */; };
		8FC3EE692C80039C00658039 /* ContentView.swift in Sources */ = {isa = PBXBuildFile; fileRef = 8FC3EE682C80039C00658039 /* ContentView.swift */; };
		8FC3EE6B2C80039D00658039 /* Assets.xcassets in Resources */ = {isa = PBXBuildFile; fileRef = 8FC3EE6A2C80039D00658039 /* Assets.xcassets */; };
		8FC3EE6E2C80039D00658039 /* Preview Assets.xcassets in Resources */ = {isa = PBXBuildFile; fileRef = 8FC3EE6D2C80039D00658039 /* Preview Assets.xcassets */; };
		8FC3EE782C80039D00658039 /* FIKHUBTests.swift in Sources */ = {isa = PBXBuildFile; fileRef = 8FC3EE772C80039D00658039 /* FIKHUBTests.swift */; };
		8FC3EE822C80039D00658039 /* FIKHUBUITests.swift in Sources */ = {isa = PBXBuildFile; fileRef = 8FC3EE812C80039D00658039 /* FIKHUBUITests.swift */; };
		8FC3EE842C80039D00658039 /* FIKHUBUITestsLaunchTests.swift in Sources */ = {isa = PBXBuildFile; fileRef = 8FC3EE832C80039D00658039 /* FIKHUBUITestsLaunchTests.swift */; };
		8FC3EE942C8003F600658039 /* WelcomeView.swift in Sources */ = {isa = PBXBuildFile; fileRef = 8FC3EE932C8003F600658039 /* WelcomeView.swift */; };
		8FC3EE982C800BE500658039 /* EmailVerificationView.swift in Sources */ = {isa = PBXBuildFile; fileRef = 8FC3EE972C800BE500658039 /* EmailVerificationView.swift */; };
		8FC3EE9B2C800CAE00658039 /* ButtonFill.swift in Sources */ = {isa = PBXBuildFile; fileRef = 8FC3EE9A2C800CAE00658039 /* ButtonFill.swift */; };
		8FE27BB82C8014DA00ACCC95 /* TextFieldClear.swift in Sources */ = {isa = PBXBuildFile; fileRef = 8FE27BB72C8014CB00ACCC95 /* TextFieldClear.swift */; };
		8FE27BBC2C80513B00ACCC95 /* EmailView.swift in Sources */ = {isa = PBXBuildFile; fileRef = 8FE27BBB2C80513B00ACCC95 /* EmailView.swift */; };
		8FE27BBE2C80645800ACCC95 /* ResendView.swift in Sources */ = {isa = PBXBuildFile; fileRef = 8FE27BBD2C80645800ACCC95 /* ResendView.swift */; };
		8FE27BC02C8082A100ACCC95 /* ProfileFormView.swift in Sources */ = {isa = PBXBuildFile; fileRef = 8FE27BBF2C8082A000ACCC95 /* ProfileFormView.swift */; };
		8FE27BC42C8094AA00ACCC95 /* SemesterView.swift in Sources */ = {isa = PBXBuildFile; fileRef = 8FE27BC32C8094AA00ACCC95 /* SemesterView.swift */; };
		8FE27BC62C80983400ACCC95 /* InitScheduleView.swift in Sources */ = {isa = PBXBuildFile; fileRef = 8FE27BC52C80983400ACCC95 /* InitScheduleView.swift */; };
		8FE27BC92C80B67700ACCC95 /* AddScheduleView.swift in Sources */ = {isa = PBXBuildFile; fileRef = 8FE27BC82C80B67700ACCC95 /* AddScheduleView.swift */; };
/* End PBXBuildFile section */

/* Begin PBXContainerItemProxy section */
		8FC3EE742C80039D00658039 /* PBXContainerItemProxy */ = {
			isa = PBXContainerItemProxy;
			containerPortal = 8FC3EE5B2C80039C00658039 /* Project object */;
			proxyType = 1;
			remoteGlobalIDString = 8FC3EE622C80039C00658039;
			remoteInfo = FIKHUB;
		};
		8FC3EE7E2C80039D00658039 /* PBXContainerItemProxy */ = {
			isa = PBXContainerItemProxy;
			containerPortal = 8FC3EE5B2C80039C00658039 /* Project object */;
			proxyType = 1;
			remoteGlobalIDString = 8FC3EE622C80039C00658039;
			remoteInfo = FIKHUB;
		};
/* End PBXContainerItemProxy section */

/* Begin PBXFileReference section */
		8FB2B0E92C80C19400D099F3 /* ProgramsView.swift */ = {isa = PBXFileReference; lastKnownFileType = sourcecode.swift; path = ProgramsView.swift; sourceTree = "<group>"; };
		8FC3EE632C80039C00658039 /* FIKHUB.app */ = {isa = PBXFileReference; explicitFileType = wrapper.application; includeInIndex = 0; path = FIKHUB.app; sourceTree = BUILT_PRODUCTS_DIR; };
		8FC3EE662C80039C00658039 /* FIKHUBApp.swift */ = {isa = PBXFileReference; lastKnownFileType = sourcecode.swift; path = FIKHUBApp.swift; sourceTree = "<group>"; };
		8FC3EE682C80039C00658039 /* ContentView.swift */ = {isa = PBXFileReference; lastKnownFileType = sourcecode.swift; path = ContentView.swift; sourceTree = "<group>"; };
		8FC3EE6A2C80039D00658039 /* Assets.xcassets */ = {isa = PBXFileReference; lastKnownFileType = folder.assetcatalog; path = Assets.xcassets; sourceTree = "<group>"; };
		8FC3EE6D2C80039D00658039 /* Preview Assets.xcassets */ = {isa = PBXFileReference; lastKnownFileType = folder.assetcatalog; path = "Preview Assets.xcassets"; sourceTree = "<group>"; };
		8FC3EE732C80039D00658039 /* FIKHUBTests.xctest */ = {isa = PBXFileReference; explicitFileType = wrapper.cfbundle; includeInIndex = 0; path = FIKHUBTests.xctest; sourceTree = BUILT_PRODUCTS_DIR; };
		8FC3EE772C80039D00658039 /* FIKHUBTests.swift */ = {isa = PBXFileReference; lastKnownFileType = sourcecode.swift; path = FIKHUBTests.swift; sourceTree = "<group>"; };
		8FC3EE7D2C80039D00658039 /* FIKHUBUITests.xctest */ = {isa = PBXFileReference; explicitFileType = wrapper.cfbundle; includeInIndex = 0; path = FIKHUBUITests.xctest; sourceTree = BUILT_PRODUCTS_DIR; };
		8FC3EE812C80039D00658039 /* FIKHUBUITests.swift */ = {isa = PBXFileReference; lastKnownFileType = sourcecode.swift; path = FIKHUBUITests.swift; sourceTree = "<group>"; };
		8FC3EE832C80039D00658039 /* FIKHUBUITestsLaunchTests.swift */ = {isa = PBXFileReference; lastKnownFileType = sourcecode.swift; path = FIKHUBUITestsLaunchTests.swift; sourceTree = "<group>"; };
		8FC3EE932C8003F600658039 /* WelcomeView.swift */ = {isa = PBXFileReference; lastKnownFileType = sourcecode.swift; path = WelcomeView.swift; sourceTree = "<group>"; };
		8FC3EE972C800BE500658039 /* EmailVerificationView.swift */ = {isa = PBXFileReference; lastKnownFileType = sourcecode.swift; path = EmailVerificationView.swift; sourceTree = "<group>"; };
		8FC3EE9A2C800CAE00658039 /* ButtonFill.swift */ = {isa = PBXFileReference; lastKnownFileType = sourcecode.swift; path = ButtonFill.swift; sourceTree = "<group>"; };
		8FE27BB72C8014CB00ACCC95 /* TextFieldClear.swift */ = {isa = PBXFileReference; lastKnownFileType = sourcecode.swift; path = TextFieldClear.swift; sourceTree = "<group>"; };
		8FE27BBB2C80513B00ACCC95 /* EmailView.swift */ = {isa = PBXFileReference; lastKnownFileType = sourcecode.swift; path = EmailView.swift; sourceTree = "<group>"; };
		8FE27BBD2C80645800ACCC95 /* ResendView.swift */ = {isa = PBXFileReference; lastKnownFileType = sourcecode.swift; path = ResendView.swift; sourceTree = "<group>"; };
		8FE27BBF2C8082A000ACCC95 /* ProfileFormView.swift */ = {isa = PBXFileReference; lastKnownFileType = sourcecode.swift; path = ProfileFormView.swift; sourceTree = "<group>"; };
		8FE27BC32C8094AA00ACCC95 /* SemesterView.swift */ = {isa = PBXFileReference; lastKnownFileType = sourcecode.swift; path = SemesterView.swift; sourceTree = "<group>"; };
		8FE27BC52C80983400ACCC95 /* InitScheduleView.swift */ = {isa = PBXFileReference; lastKnownFileType = sourcecode.swift; path = InitScheduleView.swift; sourceTree = "<group>"; };
		8FE27BC82C80B67700ACCC95 /* AddScheduleView.swift */ = {isa = PBXFileReference; lastKnownFileType = sourcecode.swift; path = AddScheduleView.swift; sourceTree = "<group>"; };
/* End PBXFileReference section */

/* Begin PBXFrameworksBuildPhase section */
		8FC3EE602C80039C00658039 /* Frameworks */ = {
			isa = PBXFrameworksBuildPhase;
			buildActionMask = 2147483647;
			files = (
			);
			runOnlyForDeploymentPostprocessing = 0;
		};
		8FC3EE702C80039D00658039 /* Frameworks */ = {
			isa = PBXFrameworksBuildPhase;
			buildActionMask = 2147483647;
			files = (
			);
			runOnlyForDeploymentPostprocessing = 0;
		};
		8FC3EE7A2C80039D00658039 /* Frameworks */ = {
			isa = PBXFrameworksBuildPhase;
			buildActionMask = 2147483647;
			files = (
			);
			runOnlyForDeploymentPostprocessing = 0;
		};
/* End PBXFrameworksBuildPhase section */

/* Begin PBXGroup section */
		8FC3EE5A2C80039C00658039 = {
			isa = PBXGroup;
			children = (
				8FC3EE652C80039C00658039 /* FIKHUB */,
				8FC3EE762C80039D00658039 /* FIKHUBTests */,
				8FC3EE802C80039D00658039 /* FIKHUBUITests */,
				8FC3EE642C80039C00658039 /* Products */,
			);
			sourceTree = "<group>";
		};
		8FC3EE642C80039C00658039 /* Products */ = {
			isa = PBXGroup;
			children = (
				8FC3EE632C80039C00658039 /* FIKHUB.app */,
				8FC3EE732C80039D00658039 /* FIKHUBTests.xctest */,
				8FC3EE7D2C80039D00658039 /* FIKHUBUITests.xctest */,
			);
			name = Products;
			sourceTree = "<group>";
		};
		8FC3EE652C80039C00658039 /* FIKHUB */ = {
			isa = PBXGroup;
			children = (
				8FE27BC72C80B64A00ACCC95 /* Views */,
				8FC3EE992C800C7500658039 /* Components */,
				8FC3EE662C80039C00658039 /* FIKHUBApp.swift */,
				8FC3EE682C80039C00658039 /* ContentView.swift */,
				8FC3EE6A2C80039D00658039 /* Assets.xcassets */,
				8FC3EE6C2C80039D00658039 /* Preview Content */,
			);
			path = FIKHUB;
			sourceTree = "<group>";
		};
		8FC3EE6C2C80039D00658039 /* Preview Content */ = {
			isa = PBXGroup;
			children = (
				8FC3EE6D2C80039D00658039 /* Preview Assets.xcassets */,
			);
			path = "Preview Content";
			sourceTree = "<group>";
		};
		8FC3EE762C80039D00658039 /* FIKHUBTests */ = {
			isa = PBXGroup;
			children = (
				8FC3EE772C80039D00658039 /* FIKHUBTests.swift */,
			);
			path = FIKHUBTests;
			sourceTree = "<group>";
		};
		8FC3EE802C80039D00658039 /* FIKHUBUITests */ = {
			isa = PBXGroup;
			children = (
				8FC3EE812C80039D00658039 /* FIKHUBUITests.swift */,
				8FC3EE832C80039D00658039 /* FIKHUBUITestsLaunchTests.swift */,
			);
			path = FIKHUBUITests;
			sourceTree = "<group>";
		};
		8FC3EE992C800C7500658039 /* Components */ = {
			isa = PBXGroup;
			children = (
				8FE27BB72C8014CB00ACCC95 /* TextFieldClear.swift */,
				8FC3EE9A2C800CAE00658039 /* ButtonFill.swift */,
			);
			path = Components;
			sourceTree = "<group>";
		};
		8FE27BC72C80B64A00ACCC95 /* Views */ = {
			isa = PBXGroup;
			children = (
				8FC3EE932C8003F600658039 /* WelcomeView.swift */,
				8FC3EE972C800BE500658039 /* EmailVerificationView.swift */,
				8FE27BBB2C80513B00ACCC95 /* EmailView.swift */,
				8FE27BBD2C80645800ACCC95 /* ResendView.swift */,
				8FE27BBF2C8082A000ACCC95 /* ProfileFormView.swift */,
				8FE27BC32C8094AA00ACCC95 /* SemesterView.swift */,
				8FE27BC52C80983400ACCC95 /* InitScheduleView.swift */,
				8FE27BC82C80B67700ACCC95 /* AddScheduleView.swift */,
				8FB2B0E92C80C19400D099F3 /* ProgramsView.swift */,
			);
			path = Views;
			sourceTree = "<group>";
		};
/* End PBXGroup section */

/* Begin PBXNativeTarget section */
		8FC3EE622C80039C00658039 /* FIKHUB */ = {
			isa = PBXNativeTarget;
			buildConfigurationList = 8FC3EE872C80039D00658039 /* Build configuration list for PBXNativeTarget "FIKHUB" */;
			buildPhases = (
				8FC3EE5F2C80039C00658039 /* Sources */,
				8FC3EE602C80039C00658039 /* Frameworks */,
				8FC3EE612C80039C00658039 /* Resources */,
			);
			buildRules = (
			);
			dependencies = (
			);
			name = FIKHUB;
			productName = FIKHUB;
			productReference = 8FC3EE632C80039C00658039 /* FIKHUB.app */;
			productType = "com.apple.product-type.application";
		};
		8FC3EE722C80039D00658039 /* FIKHUBTests */ = {
			isa = PBXNativeTarget;
			buildConfigurationList = 8FC3EE8A2C80039D00658039 /* Build configuration list for PBXNativeTarget "FIKHUBTests" */;
			buildPhases = (
				8FC3EE6F2C80039D00658039 /* Sources */,
				8FC3EE702C80039D00658039 /* Frameworks */,
				8FC3EE712C80039D00658039 /* Resources */,
			);
			buildRules = (
			);
			dependencies = (
				8FC3EE752C80039D00658039 /* PBXTargetDependency */,
			);
			name = FIKHUBTests;
			productName = FIKHUBTests;
			productReference = 8FC3EE732C80039D00658039 /* FIKHUBTests.xctest */;
			productType = "com.apple.product-type.bundle.unit-test";
		};
		8FC3EE7C2C80039D00658039 /* FIKHUBUITests */ = {
			isa = PBXNativeTarget;
			buildConfigurationList = 8FC3EE8D2C80039D00658039 /* Build configuration list for PBXNativeTarget "FIKHUBUITests" */;
			buildPhases = (
				8FC3EE792C80039D00658039 /* Sources */,
				8FC3EE7A2C80039D00658039 /* Frameworks */,
				8FC3EE7B2C80039D00658039 /* Resources */,
			);
			buildRules = (
			);
			dependencies = (
				8FC3EE7F2C80039D00658039 /* PBXTargetDependency */,
			);
			name = FIKHUBUITests;
			productName = FIKHUBUITests;
			productReference = 8FC3EE7D2C80039D00658039 /* FIKHUBUITests.xctest */;
			productType = "com.apple.product-type.bundle.ui-testing";
		};
/* End PBXNativeTarget section */

/* Begin PBXProject section */
		8FC3EE5B2C80039C00658039 /* Project object */ = {
			isa = PBXProject;
			attributes = {
				BuildIndependentTargetsInParallel = 1;
				LastSwiftUpdateCheck = 1600;
				LastUpgradeCheck = 1600;
				TargetAttributes = {
					8FC3EE622C80039C00658039 = {
						CreatedOnToolsVersion = 16.0;
					};
					8FC3EE722C80039D00658039 = {
						CreatedOnToolsVersion = 16.0;
						TestTargetID = 8FC3EE622C80039C00658039;
					};
					8FC3EE7C2C80039D00658039 = {
						CreatedOnToolsVersion = 16.0;
						TestTargetID = 8FC3EE622C80039C00658039;
					};
				};
			};
			buildConfigurationList = 8FC3EE5E2C80039C00658039 /* Build configuration list for PBXProject "FIKHUB" */;
			compatibilityVersion = "Xcode 15.0";
			developmentRegion = en;
			hasScannedForEncodings = 0;
			knownRegions = (
				en,
				Base,
			);
			mainGroup = 8FC3EE5A2C80039C00658039;
			productRefGroup = 8FC3EE642C80039C00658039 /* Products */;
			projectDirPath = "";
			projectRoot = "";
			targets = (
				8FC3EE622C80039C00658039 /* FIKHUB */,
				8FC3EE722C80039D00658039 /* FIKHUBTests */,
				8FC3EE7C2C80039D00658039 /* FIKHUBUITests */,
			);
		};
/* End PBXProject section */

/* Begin PBXResourcesBuildPhase section */
		8FC3EE612C80039C00658039 /* Resources */ = {
			isa = PBXResourcesBuildPhase;
			buildActionMask = 2147483647;
			files = (
				8FC3EE6E2C80039D00658039 /* Preview Assets.xcassets in Resources */,
				8FC3EE6B2C80039D00658039 /* Assets.xcassets in Resources */,
			);
			runOnlyForDeploymentPostprocessing = 0;
		};
		8FC3EE712C80039D00658039 /* Resources */ = {
			isa = PBXResourcesBuildPhase;
			buildActionMask = 2147483647;
			files = (
			);
			runOnlyForDeploymentPostprocessing = 0;
		};
		8FC3EE7B2C80039D00658039 /* Resources */ = {
			isa = PBXResourcesBuildPhase;
			buildActionMask = 2147483647;
			files = (
			);
			runOnlyForDeploymentPostprocessing = 0;
		};
/* End PBXResourcesBuildPhase section */

/* Begin PBXSourcesBuildPhase section */
		8FC3EE5F2C80039C00658039 /* Sources */ = {
			isa = PBXSourcesBuildPhase;
			buildActionMask = 2147483647;
			files = (
				8FE27BC42C8094AA00ACCC95 /* SemesterView.swift in Sources */,
				8FC3EE982C800BE500658039 /* EmailVerificationView.swift in Sources */,
				8FC3EE692C80039C00658039 /* ContentView.swift in Sources */,
				8FC3EE9B2C800CAE00658039 /* ButtonFill.swift in Sources */,
				8FE27BBC2C80513B00ACCC95 /* EmailView.swift in Sources */,
				8FE27BC62C80983400ACCC95 /* InitScheduleView.swift in Sources */,
				8FE27BC02C8082A100ACCC95 /* ProfileFormView.swift in Sources */,
				8FC3EE942C8003F600658039 /* WelcomeView.swift in Sources */,
				8FC3EE672C80039C00658039 /* FIKHUBApp.swift in Sources */,
				8FB2B0EA2C80C19400D099F3 /* ProgramsView.swift in Sources */,
				8FE27BC92C80B67700ACCC95 /* AddScheduleView.swift in Sources */,
				8FE27BB82C8014DA00ACCC95 /* TextFieldClear.swift in Sources */,
				8FE27BBE2C80645800ACCC95 /* ResendView.swift in Sources */,
			);
			runOnlyForDeploymentPostprocessing = 0;
		};
		8FC3EE6F2C80039D00658039 /* Sources */ = {
			isa = PBXSourcesBuildPhase;
			buildActionMask = 2147483647;
			files = (
				8FC3EE782C80039D00658039 /* FIKHUBTests.swift in Sources */,
			);
			runOnlyForDeploymentPostprocessing = 0;
		};
		8FC3EE792C80039D00658039 /* Sources */ = {
			isa = PBXSourcesBuildPhase;
			buildActionMask = 2147483647;
			files = (
				8FC3EE822C80039D00658039 /* FIKHUBUITests.swift in Sources */,
				8FC3EE842C80039D00658039 /* FIKHUBUITestsLaunchTests.swift in Sources */,
			);
			runOnlyForDeploymentPostprocessing = 0;
		};
/* End PBXSourcesBuildPhase section */

/* Begin PBXTargetDependency section */
		8FC3EE752C80039D00658039 /* PBXTargetDependency */ = {
			isa = PBXTargetDependency;
			target = 8FC3EE622C80039C00658039 /* FIKHUB */;
			targetProxy = 8FC3EE742C80039D00658039 /* PBXContainerItemProxy */;
		};
		8FC3EE7F2C80039D00658039 /* PBXTargetDependency */ = {
			isa = PBXTargetDependency;
			target = 8FC3EE622C80039C00658039 /* FIKHUB */;
			targetProxy = 8FC3EE7E2C80039D00658039 /* PBXContainerItemProxy */;
		};
/* End PBXTargetDependency section */

/* Begin XCBuildConfiguration section */
		8FC3EE852C80039D00658039 /* Debug */ = {
			isa = XCBuildConfiguration;
			buildSettings = {
				ALWAYS_SEARCH_USER_PATHS = NO;
				ASSETCATALOG_COMPILER_GENERATE_SWIFT_ASSET_SYMBOL_EXTENSIONS = YES;
				CLANG_ANALYZER_NONNULL = YES;
				CLANG_ANALYZER_NUMBER_OBJECT_CONVERSION = YES_AGGRESSIVE;
				CLANG_CXX_LANGUAGE_STANDARD = "gnu++20";
				CLANG_ENABLE_MODULES = YES;
				CLANG_ENABLE_OBJC_ARC = YES;
				CLANG_ENABLE_OBJC_WEAK = YES;
				CLANG_WARN_BLOCK_CAPTURE_AUTORELEASING = YES;
				CLANG_WARN_BOOL_CONVERSION = YES;
				CLANG_WARN_COMMA = YES;
				CLANG_WARN_CONSTANT_CONVERSION = YES;
				CLANG_WARN_DEPRECATED_OBJC_IMPLEMENTATIONS = YES;
				CLANG_WARN_DIRECT_OBJC_ISA_USAGE = YES_ERROR;
				CLANG_WARN_DOCUMENTATION_COMMENTS = YES;
				CLANG_WARN_EMPTY_BODY = YES;
				CLANG_WARN_ENUM_CONVERSION = YES;
				CLANG_WARN_INFINITE_RECURSION = YES;
				CLANG_WARN_INT_CONVERSION = YES;
				CLANG_WARN_NON_LITERAL_NULL_CONVERSION = YES;
				CLANG_WARN_OBJC_IMPLICIT_RETAIN_SELF = YES;
				CLANG_WARN_OBJC_LITERAL_CONVERSION = YES;
				CLANG_WARN_OBJC_ROOT_CLASS = YES_ERROR;
				CLANG_WARN_QUOTED_INCLUDE_IN_FRAMEWORK_HEADER = YES;
				CLANG_WARN_RANGE_LOOP_ANALYSIS = YES;
				CLANG_WARN_STRICT_PROTOTYPES = YES;
				CLANG_WARN_SUSPICIOUS_MOVE = YES;
				CLANG_WARN_UNGUARDED_AVAILABILITY = YES_AGGRESSIVE;
				CLANG_WARN_UNREACHABLE_CODE = YES;
				CLANG_WARN__DUPLICATE_METHOD_MATCH = YES;
				COPY_PHASE_STRIP = NO;
				DEBUG_INFORMATION_FORMAT = dwarf;
				ENABLE_STRICT_OBJC_MSGSEND = YES;
				ENABLE_TESTABILITY = YES;
				ENABLE_USER_SCRIPT_SANDBOXING = YES;
				GCC_C_LANGUAGE_STANDARD = gnu17;
				GCC_DYNAMIC_NO_PIC = NO;
				GCC_NO_COMMON_BLOCKS = YES;
				GCC_OPTIMIZATION_LEVEL = 0;
				GCC_PREPROCESSOR_DEFINITIONS = (
					"DEBUG=1",
					"$(inherited)",
				);
				GCC_WARN_64_TO_32_BIT_CONVERSION = YES;
				GCC_WARN_ABOUT_RETURN_TYPE = YES_ERROR;
				GCC_WARN_UNDECLARED_SELECTOR = YES;
				GCC_WARN_UNINITIALIZED_AUTOS = YES_AGGRESSIVE;
				GCC_WARN_UNUSED_FUNCTION = YES;
				GCC_WARN_UNUSED_VARIABLE = YES;
				IPHONEOS_DEPLOYMENT_TARGET = 18.0;
				LOCALIZATION_PREFERS_STRING_CATALOGS = YES;
				MTL_ENABLE_DEBUG_INFO = INCLUDE_SOURCE;
				MTL_FAST_MATH = YES;
				ONLY_ACTIVE_ARCH = YES;
				SDKROOT = iphoneos;
				SWIFT_ACTIVE_COMPILATION_CONDITIONS = "DEBUG $(inherited)";
				SWIFT_OPTIMIZATION_LEVEL = "-Onone";
			};
			name = Debug;
		};
		8FC3EE862C80039D00658039 /* Release */ = {
			isa = XCBuildConfiguration;
			buildSettings = {
				ALWAYS_SEARCH_USER_PATHS = NO;
				ASSETCATALOG_COMPILER_GENERATE_SWIFT_ASSET_SYMBOL_EXTENSIONS = YES;
				CLANG_ANALYZER_NONNULL = YES;
				CLANG_ANALYZER_NUMBER_OBJECT_CONVERSION = YES_AGGRESSIVE;
				CLANG_CXX_LANGUAGE_STANDARD = "gnu++20";
				CLANG_ENABLE_MODULES = YES;
				CLANG_ENABLE_OBJC_ARC = YES;
				CLANG_ENABLE_OBJC_WEAK = YES;
				CLANG_WARN_BLOCK_CAPTURE_AUTORELEASING = YES;
				CLANG_WARN_BOOL_CONVERSION = YES;
				CLANG_WARN_COMMA = YES;
				CLANG_WARN_CONSTANT_CONVERSION = YES;
				CLANG_WARN_DEPRECATED_OBJC_IMPLEMENTATIONS = YES;
				CLANG_WARN_DIRECT_OBJC_ISA_USAGE = YES_ERROR;
				CLANG_WARN_DOCUMENTATION_COMMENTS = YES;
				CLANG_WARN_EMPTY_BODY = YES;
				CLANG_WARN_ENUM_CONVERSION = YES;
				CLANG_WARN_INFINITE_RECURSION = YES;
				CLANG_WARN_INT_CONVERSION = YES;
				CLANG_WARN_NON_LITERAL_NULL_CONVERSION = YES;
				CLANG_WARN_OBJC_IMPLICIT_RETAIN_SELF = YES;
				CLANG_WARN_OBJC_LITERAL_CONVERSION = YES;
				CLANG_WARN_OBJC_ROOT_CLASS = YES_ERROR;
				CLANG_WARN_QUOTED_INCLUDE_IN_FRAMEWORK_HEADER = YES;
				CLANG_WARN_RANGE_LOOP_ANALYSIS = YES;
				CLANG_WARN_STRICT_PROTOTYPES = YES;
				CLANG_WARN_SUSPICIOUS_MOVE = YES;
				CLANG_WARN_UNGUARDED_AVAILABILITY = YES_AGGRESSIVE;
				CLANG_WARN_UNREACHABLE_CODE = YES;
				CLANG_WARN__DUPLICATE_METHOD_MATCH = YES;
				COPY_PHASE_STRIP = NO;
				DEBUG_INFORMATION_FORMAT = "dwarf-with-dsym";
				ENABLE_NS_ASSERTIONS = NO;
				ENABLE_STRICT_OBJC_MSGSEND = YES;
				ENABLE_USER_SCRIPT_SANDBOXING = YES;
				GCC_C_LANGUAGE_STANDARD = gnu17;
				GCC_NO_COMMON_BLOCKS = YES;
				GCC_WARN_64_TO_32_BIT_CONVERSION = YES;
				GCC_WARN_ABOUT_RETURN_TYPE = YES_ERROR;
				GCC_WARN_UNDECLARED_SELECTOR = YES;
				GCC_WARN_UNINITIALIZED_AUTOS = YES_AGGRESSIVE;
				GCC_WARN_UNUSED_FUNCTION = YES;
				GCC_WARN_UNUSED_VARIABLE = YES;
				IPHONEOS_DEPLOYMENT_TARGET = 18.0;
				LOCALIZATION_PREFERS_STRING_CATALOGS = YES;
				MTL_ENABLE_DEBUG_INFO = NO;
				MTL_FAST_MATH = YES;
				SDKROOT = iphoneos;
				SWIFT_COMPILATION_MODE = wholemodule;
				VALIDATE_PRODUCT = YES;
			};
			name = Release;
		};
		8FC3EE882C80039D00658039 /* Debug */ = {
			isa = XCBuildConfiguration;
			buildSettings = {
				ASSETCATALOG_COMPILER_APPICON_NAME = AppIcon;
				ASSETCATALOG_COMPILER_GLOBAL_ACCENT_COLOR_NAME = AccentColor;
				CODE_SIGN_STYLE = Automatic;
				CURRENT_PROJECT_VERSION = 1;
				DEVELOPMENT_ASSET_PATHS = "\"FIKHUB/Preview Content\"";
				DEVELOPMENT_TEAM = A23N5QDWR3;
				ENABLE_PREVIEWS = YES;
				GENERATE_INFOPLIST_FILE = YES;
				INFOPLIST_KEY_UIApplicationSceneManifest_Generation = YES;
				INFOPLIST_KEY_UIApplicationSupportsIndirectInputEvents = YES;
				INFOPLIST_KEY_UILaunchScreen_Generation = YES;
				INFOPLIST_KEY_UISupportedInterfaceOrientations_iPad = "UIInterfaceOrientationPortrait UIInterfaceOrientationPortraitUpsideDown UIInterfaceOrientationLandscapeLeft UIInterfaceOrientationLandscapeRight";
				INFOPLIST_KEY_UISupportedInterfaceOrientations_iPhone = "UIInterfaceOrientationPortrait UIInterfaceOrientationLandscapeLeft UIInterfaceOrientationLandscapeRight";
				IPHONEOS_DEPLOYMENT_TARGET = 17.0;
				LD_RUNPATH_SEARCH_PATHS = (
					"$(inherited)",
					"@executable_path/Frameworks",
				);
				MARKETING_VERSION = 1.0;
				PRODUCT_BUNDLE_IDENTIFIER = com.ranggabiner.FIKHUB;
				PRODUCT_NAME = "$(TARGET_NAME)";
				SWIFT_EMIT_LOC_STRINGS = YES;
				SWIFT_VERSION = 5.0;
				TARGETED_DEVICE_FAMILY = "1,2";
			};
			name = Debug;
		};
		8FC3EE892C80039D00658039 /* Release */ = {
			isa = XCBuildConfiguration;
			buildSettings = {
				ASSETCATALOG_COMPILER_APPICON_NAME = AppIcon;
				ASSETCATALOG_COMPILER_GLOBAL_ACCENT_COLOR_NAME = AccentColor;
				CODE_SIGN_STYLE = Automatic;
				CURRENT_PROJECT_VERSION = 1;
				DEVELOPMENT_ASSET_PATHS = "\"FIKHUB/Preview Content\"";
				DEVELOPMENT_TEAM = A23N5QDWR3;
				ENABLE_PREVIEWS = YES;
				GENERATE_INFOPLIST_FILE = YES;
				INFOPLIST_KEY_UIApplicationSceneManifest_Generation = YES;
				INFOPLIST_KEY_UIApplicationSupportsIndirectInputEvents = YES;
				INFOPLIST_KEY_UILaunchScreen_Generation = YES;
				INFOPLIST_KEY_UISupportedInterfaceOrientations_iPad = "UIInterfaceOrientationPortrait UIInterfaceOrientationPortraitUpsideDown UIInterfaceOrientationLandscapeLeft UIInterfaceOrientationLandscapeRight";
				INFOPLIST_KEY_UISupportedInterfaceOrientations_iPhone = "UIInterfaceOrientationPortrait UIInterfaceOrientationLandscapeLeft UIInterfaceOrientationLandscapeRight";
				IPHONEOS_DEPLOYMENT_TARGET = 17.0;
				LD_RUNPATH_SEARCH_PATHS = (
					"$(inherited)",
					"@executable_path/Frameworks",
				);
				MARKETING_VERSION = 1.0;
				PRODUCT_BUNDLE_IDENTIFIER = com.ranggabiner.FIKHUB;
				PRODUCT_NAME = "$(TARGET_NAME)";
				SWIFT_EMIT_LOC_STRINGS = YES;
				SWIFT_VERSION = 5.0;
				TARGETED_DEVICE_FAMILY = "1,2";
			};
			name = Release;
		};
		8FC3EE8B2C80039D00658039 /* Debug */ = {
			isa = XCBuildConfiguration;
			buildSettings = {
				BUNDLE_LOADER = "$(TEST_HOST)";
				CODE_SIGN_STYLE = Automatic;
				CURRENT_PROJECT_VERSION = 1;
				DEVELOPMENT_TEAM = A23N5QDWR3;
				GENERATE_INFOPLIST_FILE = YES;
				IPHONEOS_DEPLOYMENT_TARGET = 18.0;
				MARKETING_VERSION = 1.0;
				PRODUCT_BUNDLE_IDENTIFIER = com.ranggabiner.FIKHUBTests;
				PRODUCT_NAME = "$(TARGET_NAME)";
				SWIFT_EMIT_LOC_STRINGS = NO;
				SWIFT_VERSION = 5.0;
				TARGETED_DEVICE_FAMILY = "1,2";
				TEST_HOST = "$(BUILT_PRODUCTS_DIR)/FIKHUB.app/$(BUNDLE_EXECUTABLE_FOLDER_PATH)/FIKHUB";
			};
			name = Debug;
		};
		8FC3EE8C2C80039D00658039 /* Release */ = {
			isa = XCBuildConfiguration;
			buildSettings = {
				BUNDLE_LOADER = "$(TEST_HOST)";
				CODE_SIGN_STYLE = Automatic;
				CURRENT_PROJECT_VERSION = 1;
				DEVELOPMENT_TEAM = A23N5QDWR3;
				GENERATE_INFOPLIST_FILE = YES;
				IPHONEOS_DEPLOYMENT_TARGET = 18.0;
				MARKETING_VERSION = 1.0;
				PRODUCT_BUNDLE_IDENTIFIER = com.ranggabiner.FIKHUBTests;
				PRODUCT_NAME = "$(TARGET_NAME)";
				SWIFT_EMIT_LOC_STRINGS = NO;
				SWIFT_VERSION = 5.0;
				TARGETED_DEVICE_FAMILY = "1,2";
				TEST_HOST = "$(BUILT_PRODUCTS_DIR)/FIKHUB.app/$(BUNDLE_EXECUTABLE_FOLDER_PATH)/FIKHUB";
			};
			name = Release;
		};
		8FC3EE8E2C80039D00658039 /* Debug */ = {
			isa = XCBuildConfiguration;
			buildSettings = {
				CODE_SIGN_STYLE = Automatic;
				CURRENT_PROJECT_VERSION = 1;
				DEVELOPMENT_TEAM = A23N5QDWR3;
				GENERATE_INFOPLIST_FILE = YES;
				MARKETING_VERSION = 1.0;
				PRODUCT_BUNDLE_IDENTIFIER = com.ranggabiner.FIKHUBUITests;
				PRODUCT_NAME = "$(TARGET_NAME)";
				SWIFT_EMIT_LOC_STRINGS = NO;
				SWIFT_VERSION = 5.0;
				TARGETED_DEVICE_FAMILY = "1,2";
				TEST_TARGET_NAME = FIKHUB;
			};
			name = Debug;
		};
		8FC3EE8F2C80039D00658039 /* Release */ = {
			isa = XCBuildConfiguration;
			buildSettings = {
				CODE_SIGN_STYLE = Automatic;
				CURRENT_PROJECT_VERSION = 1;
				DEVELOPMENT_TEAM = A23N5QDWR3;
				GENERATE_INFOPLIST_FILE = YES;
				MARKETING_VERSION = 1.0;
				PRODUCT_BUNDLE_IDENTIFIER = com.ranggabiner.FIKHUBUITests;
				PRODUCT_NAME = "$(TARGET_NAME)";
				SWIFT_EMIT_LOC_STRINGS = NO;
				SWIFT_VERSION = 5.0;
				TARGETED_DEVICE_FAMILY = "1,2";
				TEST_TARGET_NAME = FIKHUB;
			};
			name = Release;
		};
/* End XCBuildConfiguration section */

/* Begin XCConfigurationList section */
		8FC3EE5E2C80039C00658039 /* Build configuration list for PBXProject "FIKHUB" */ = {
			isa = XCConfigurationList;
			buildConfigurations = (
				8FC3EE852C80039D00658039 /* Debug */,
				8FC3EE862C80039D00658039 /* Release */,
			);
			defaultConfigurationIsVisible = 0;
			defaultConfigurationName = Release;
		};
		8FC3EE872C80039D00658039 /* Build configuration list for PBXNativeTarget "FIKHUB" */ = {
			isa = XCConfigurationList;
			buildConfigurations = (
				8FC3EE882C80039D00658039 /* Debug */,
				8FC3EE892C80039D00658039 /* Release */,
			);
			defaultConfigurationIsVisible = 0;
			defaultConfigurationName = Release;
		};
		8FC3EE8A2C80039D00658039 /* Build configuration list for PBXNativeTarget "FIKHUBTests" */ = {
			isa = XCConfigurationList;
			buildConfigurations = (
				8FC3EE8B2C80039D00658039 /* Debug */,
				8FC3EE8C2C80039D00658039 /* Release */,
			);
			defaultConfigurationIsVisible = 0;
			defaultConfigurationName = Release;
		};
		8FC3EE8D2C80039D00658039 /* Build configuration list for PBXNativeTarget "FIKHUBUITests" */ = {
			isa = XCConfigurationList;
			buildConfigurations = (
				8FC3EE8E2C80039D00658039 /* Debug */,
				8FC3EE8F2C80039D00658039 /* Release */,
			);
			defaultConfigurationIsVisible = 0;
			defaultConfigurationName = Release;
		};
/* End XCConfigurationList section */
	};
	rootObject = 8FC3EE5B2C80039C00658039 /* Project object */;
}
